# THIS IS AN AUTOGENERATED FILE. DO NOT EDIT THIS FILE DIRECTLY.
# yarn lockfile v1


"@next/third-parties@^15.1.2":
  version "15.1.2"
  resolved "https://registry.yarnpkg.com/@next/third-parties/-/third-parties-15.1.2.tgz#aa1620246217b6ffdffcf02a07dbb54888044790"
  integrity sha512-orv0nicbRg+opfOVyQSn45AJoTFSLycYJSljHvqaUd2i5KAFzMcxjrxBjtjNGB9PRdLcIyqZCiDGeK+a34nNOw==
  dependencies:
    third-party-capital "1.0.20"

third-party-capital@1.0.20:
  version "1.0.20"
  resolved "https://registry.yarnpkg.com/third-party-capital/-/third-party-capital-1.0.20.tgz#e218a929a35bf4d2245da9addb8ab978d2f41685"
  integrity sha512-oB7yIimd8SuGptespDAZnNkzIz+NWaJCu2RMsbs4Wmp9zSDUM8Nhi3s2OOcqYuv3mN4hitXc8DVx+LyUmbUDiA==
